// !$*UTF8*$!
{
	archiveVersion = 1;
	classes = {
	};
	objectVersion = 46;
	objects = {

/* Begin PBXBuildFile section */
		F70BCD631E83A46000E2B65E /* UIView+Category.m in Sources */ = {isa = PBXBuildFile; fileRef = F70BCD621E83A46000E2B65E /* UIView+Category.m */; };
		F70BCD661E83A47700E2B65E /* UIButton+Category.m in Sources */ = {isa = PBXBuildFile; fileRef = F70BCD651E83A47700E2B65E /* UIButton+Category.m */; };
		F77757581E6E98A300C98797 /* OSKitTests.m in Sources */ = {isa = PBXBuildFile; fileRef = F77757571E6E98A300C98797 /* OSKitTests.m */; };
		F77757631E6E98A300C98797 /* OSKitUITests.m in Sources */ = {isa = PBXBuildFile; fileRef = F77757621E6E98A300C98797 /* OSKitUITests.m */; };
		F797E6A61E6EA043007B02DF /* OSAppDelegate.m in Sources */ = {isa = PBXBuildFile; fileRef = F797E69D1E6EA043007B02DF /* OSAppDelegate.m */; };
		F797E6A71E6EA043007B02DF /* Assets.xcassets in Resources */ = {isa = PBXBuildFile; fileRef = F797E69F1E6EA043007B02DF /* Assets.xcassets */; };
		F797E6A81E6EA043007B02DF /* LaunchScreen.storyboard in Resources */ = {isa = PBXBuildFile; fileRef = F797E6A01E6EA043007B02DF /* LaunchScreen.storyboard */; };
		F797E6A91E6EA043007B02DF /* Main.storyboard in Resources */ = {isa = PBXBuildFile; fileRef = F797E6A21E6EA043007B02DF /* Main.storyboard */; };
		F797E6AB1E6EA043007B02DF /* main.m in Sources */ = {isa = PBXBuildFile; fileRef = F797E6A51E6EA043007B02DF /* main.m */; };
/* End PBXBuildFile section */

/* Begin PBXContainerItemProxy section */
		F77757541E6E98A300C98797 /* PBXContainerItemProxy */ = {
			isa = PBXContainerItemProxy;
			containerPortal = F77757321E6E98A200C98797 /* Project object */;
			proxyType = 1;
			remoteGlobalIDString = F77757391E6E98A200C98797;
			remoteInfo = OSKit;
		};
		F777575F1E6E98A300C98797 /* PBXContainerItemProxy */ = {
			isa = PBXContainerItemProxy;
			containerPortal = F77757321E6E98A200C98797 /* Project object */;
			proxyType = 1;
			remoteGlobalIDString = F77757391E6E98A200C98797;
			remoteInfo = OSKit;
		};
/* End PBXContainerItemProxy section */

/* Begin PBXFileReference section */
		F70BCD611E83A46000E2B65E /* UIView+Category.h */ = {isa = PBXFileReference; fileEncoding = 4; lastKnownFileType = sourcecode.c.h; path = "UIView+Category.h"; sourceTree = "<group>"; };
		F70BCD621E83A46000E2B65E /* UIView+Category.m */ = {isa = PBXFileReference; fileEncoding = 4; lastKnownFileType = sourcecode.c.objc; path = "UIView+Category.m"; sourceTree = "<group>"; };
		F70BCD641E83A47700E2B65E /* UIButton+Category.h */ = {isa = PBXFileReference; fileEncoding = 4; lastKnownFileType = sourcecode.c.h; path = "UIButton+Category.h"; sourceTree = "<group>"; };
		F70BCD651E83A47700E2B65E /* UIButton+Category.m */ = {isa = PBXFileReference; fileEncoding = 4; lastKnownFileType = sourcecode.c.objc; path = "UIButton+Category.m"; sourceTree = "<group>"; };
		F777573A1E6E98A300C98797 /* OSKit.app */ = {isa = PBXFileReference; explicitFileType = wrapper.application; includeInIndex = 0; path = OSKit.app; sourceTree = BUILT_PRODUCTS_DIR; };
		F77757531E6E98A300C98797 /* OSKitTests.xctest */ = {isa = PBXFileReference; explicitFileType = wrapper.cfbundle; includeInIndex = 0; path = OSKitTests.xctest; sourceTree = BUILT_PRODUCTS_DIR; };
		F77757571E6E98A300C98797 /* OSKitTests.m */ = {isa = PBXFileReference; lastKnownFileType = sourcecode.c.objc; path = OSKitTests.m; sourceTree = "<group>"; };
		F77757591E6E98A300C98797 /* Info.plist */ = {isa = PBXFileReference; lastKnownFileType = text.plist.xml; path = Info.plist; sourceTree = "<group>"; };
		F777575E1E6E98A300C98797 /* OSKitUITests.xctest */ = {isa = PBXFileReference; explicitFileType = wrapper.cfbundle; includeInIndex = 0; path = OSKitUITests.xctest; sourceTree = BUILT_PRODUCTS_DIR; };
		F77757621E6E98A300C98797 /* OSKitUITests.m */ = {isa = PBXFileReference; lastKnownFileType = sourcecode.c.objc; path = OSKitUITests.m; sourceTree = "<group>"; };
		F77757641E6E98A300C98797 /* Info.plist */ = {isa = PBXFileReference; lastKnownFileType = text.plist.xml; path = Info.plist; sourceTree = "<group>"; };
		F797E69C1E6EA043007B02DF /* OSAppDelegate.h */ = {isa = PBXFileReference; fileEncoding = 4; lastKnownFileType = sourcecode.c.h; path = OSAppDelegate.h; sourceTree = "<group>"; };
		F797E69D1E6EA043007B02DF /* OSAppDelegate.m */ = {isa = PBXFileReference; fileEncoding = 4; lastKnownFileType = sourcecode.c.objc; path = OSAppDelegate.m; sourceTree = "<group>"; };
		F797E69F1E6EA043007B02DF /* Assets.xcassets */ = {isa = PBXFileReference; lastKnownFileType = folder.assetcatalog; path = Assets.xcassets; sourceTree = "<group>"; };
		F797E6A11E6EA043007B02DF /* Base */ = {isa = PBXFileReference; lastKnownFileType = file.storyboard; name = Base; path = Base.lproj/LaunchScreen.storyboard; sourceTree = "<group>"; };
		F797E6A31E6EA043007B02DF /* Base */ = {isa = PBXFileReference; lastKnownFileType = file.storyboard; name = Base; path = Base.lproj/Main.storyboard; sourceTree = "<group>"; };
		F797E6A41E6EA043007B02DF /* Info.plist */ = {isa = PBXFileReference; fileEncoding = 4; lastKnownFileType = text.plist.xml; path = Info.plist; sourceTree = "<group>"; };
		F797E6A51E6EA043007B02DF /* main.m */ = {isa = PBXFileReference; fileEncoding = 4; lastKnownFileType = sourcecode.c.objc; path = main.m; sourceTree = "<group>"; };
/* End PBXFileReference section */

/* Begin PBXFrameworksBuildPhase section */
		F77757371E6E98A200C98797 /* Frameworks */ = {
			isa = PBXFrameworksBuildPhase;
			buildActionMask = 2147483647;
			files = (
			);
			runOnlyForDeploymentPostprocessing = 0;
		};
		F77757501E6E98A300C98797 /* Frameworks */ = {
			isa = PBXFrameworksBuildPhase;
			buildActionMask = 2147483647;
			files = (
			);
			runOnlyForDeploymentPostprocessing = 0;
		};
		F777575B1E6E98A300C98797 /* Frameworks */ = {
			isa = PBXFrameworksBuildPhase;
			buildActionMask = 2147483647;
			files = (
			);
			runOnlyForDeploymentPostprocessing = 0;
		};
/* End PBXFrameworksBuildPhase section */

/* Begin PBXGroup section */
		F70BCD5F1E83A44C00E2B65E /* Foundation */ = {
			isa = PBXGroup;
			children = (
			);
			path = Foundation;
			sourceTree = "<group>";
		};
		F70BCD601E83A44C00E2B65E /* UIKit */ = {
			isa = PBXGroup;
			children = (
				F70BCD611E83A46000E2B65E /* UIView+Category.h */,
				F70BCD621E83A46000E2B65E /* UIView+Category.m */,
				F70BCD641E83A47700E2B65E /* UIButton+Category.h */,
				F70BCD651E83A47700E2B65E /* UIButton+Category.m */,
			);
			path = UIKit;
			sourceTree = "<group>";
		};
		F77757311E6E98A200C98797 = {
			isa = PBXGroup;
			children = (
				F777573C1E6E98A300C98797 /* OSKit */,
				F77757561E6E98A300C98797 /* OSKitTests */,
				F77757611E6E98A300C98797 /* OSKitUITests */,
				F777573B1E6E98A300C98797 /* Products */,
			);
			sourceTree = "<group>";
		};
		F777573B1E6E98A300C98797 /* Products */ = {
			isa = PBXGroup;
			children = (
				F777573A1E6E98A300C98797 /* OSKit.app */,
				F77757531E6E98A300C98797 /* OSKitTests.xctest */,
				F777575E1E6E98A300C98797 /* OSKitUITests.xctest */,
			);
			name = Products;
			sourceTree = "<group>";
		};
		F777573C1E6E98A300C98797 /* OSKit */ = {
			isa = PBXGroup;
			children = (
				F797E6AC1E6EA24F007B02DF /* Super */,
				F797E6B21E6EA304007B02DF /* General */,
				F797E6B11E6EA2A0007B02DF /* Category */,
				F797E69B1E6EA043007B02DF /* AppDelegate */,
				F797E69E1E6EA043007B02DF /* SupportingFiles */,
			);
			path = OSKit;
			sourceTree = "<group>";
		};
		F77757561E6E98A300C98797 /* OSKitTests */ = {
			isa = PBXGroup;
			children = (
				F77757571E6E98A300C98797 /* OSKitTests.m */,
				F77757591E6E98A300C98797 /* Info.plist */,
			);
			path = OSKitTests;
			sourceTree = "<group>";
		};
		F77757611E6E98A300C98797 /* OSKitUITests */ = {
			isa = PBXGroup;
			children = (
				F77757621E6E98A300C98797 /* OSKitUITests.m */,
				F77757641E6E98A300C98797 /* Info.plist */,
			);
			path = OSKitUITests;
			sourceTree = "<group>";
		};
		F797E69B1E6EA043007B02DF /* AppDelegate */ = {
			isa = PBXGroup;
			children = (
				F797E69C1E6EA043007B02DF /* OSAppDelegate.h */,
				F797E69D1E6EA043007B02DF /* OSAppDelegate.m */,
			);
			path = AppDelegate;
			sourceTree = "<group>";
		};
		F797E69E1E6EA043007B02DF /* SupportingFiles */ = {
			isa = PBXGroup;
			children = (
				F797E6A01E6EA043007B02DF /* LaunchScreen.storyboard */,
				F797E6A21E6EA043007B02DF /* Main.storyboard */,
				F797E69F1E6EA043007B02DF /* Assets.xcassets */,
				F797E6A41E6EA043007B02DF /* Info.plist */,
				F797E6A51E6EA043007B02DF /* main.m */,
			);
			path = SupportingFiles;
			sourceTree = "<group>";
		};
		F797E6AC1E6EA24F007B02DF /* Super */ = {
			isa = PBXGroup;
			children = (
				F797E6AE1E6EA24F007B02DF /* Model */,
				F797E6AD1E6EA24F007B02DF /* Cell */,
				F797E6AF1E6EA24F007B02DF /* View */,
				F797E6B01E6EA24F007B02DF /* ViewController */,
			);
			path = Super;
			sourceTree = "<group>";
		};
		F797E6AD1E6EA24F007B02DF /* Cell */ = {
			isa = PBXGroup;
			children = (
			);
			path = Cell;
			sourceTree = "<group>";
		};
		F797E6AE1E6EA24F007B02DF /* Model */ = {
			isa = PBXGroup;
			children = (
			);
			path = Model;
			sourceTree = "<group>";
		};
		F797E6AF1E6EA24F007B02DF /* View */ = {
			isa = PBXGroup;
			children = (
			);
			path = View;
			sourceTree = "<group>";
		};
		F797E6B01E6EA24F007B02DF /* ViewController */ = {
			isa = PBXGroup;
			children = (
			);
			path = ViewController;
			sourceTree = "<group>";
		};
		F797E6B11E6EA2A0007B02DF /* Category */ = {
			isa = PBXGroup;
			children = (
				F70BCD5F1E83A44C00E2B65E /* Foundation */,
				F70BCD601E83A44C00E2B65E /* UIKit */,
			);
			path = Category;
			sourceTree = "<group>";
		};
		F797E6B21E6EA304007B02DF /* General */ = {
			isa = PBXGroup;
			children = (
			);
			path = General;
			sourceTree = "<group>";
		};
/* End PBXGroup section */

/* Begin PBXNativeTarget section */
		F77757391E6E98A200C98797 /* OSKit */ = {
			isa = PBXNativeTarget;
			buildConfigurationList = F77757671E6E98A300C98797 /* Build configuration list for PBXNativeTarget "OSKit" */;
			buildPhases = (
				F77757361E6E98A200C98797 /* Sources */,
				F77757371E6E98A200C98797 /* Frameworks */,
				F77757381E6E98A200C98797 /* Resources */,
			);
			buildRules = (
			);
			dependencies = (
			);
			name = OSKit;
			productName = OSKit;
			productReference = F777573A1E6E98A300C98797 /* OSKit.app */;
			productType = "com.apple.product-type.application";
		};
		F77757521E6E98A300C98797 /* OSKitTests */ = {
			isa = PBXNativeTarget;
			buildConfigurationList = F777576A1E6E98A300C98797 /* Build configuration list for PBXNativeTarget "OSKitTests" */;
			buildPhases = (
				F777574F1E6E98A300C98797 /* Sources */,
				F77757501E6E98A300C98797 /* Frameworks */,
				F77757511E6E98A300C98797 /* Resources */,
			);
			buildRules = (
			);
			dependencies = (
				F77757551E6E98A300C98797 /* PBXTargetDependency */,
			);
			name = OSKitTests;
			productName = OSKitTests;
			productReference = F77757531E6E98A300C98797 /* OSKitTests.xctest */;
			productType = "com.apple.product-type.bundle.unit-test";
		};
		F777575D1E6E98A300C98797 /* OSKitUITests */ = {
			isa = PBXNativeTarget;
			buildConfigurationList = F777576D1E6E98A300C98797 /* Build configuration list for PBXNativeTarget "OSKitUITests" */;
			buildPhases = (
				F777575A1E6E98A300C98797 /* Sources */,
				F777575B1E6E98A300C98797 /* Frameworks */,
				F777575C1E6E98A300C98797 /* Resources */,
			);
			buildRules = (
			);
			dependencies = (
				F77757601E6E98A300C98797 /* PBXTargetDependency */,
			);
			name = OSKitUITests;
			productName = OSKitUITests;
			productReference = F777575E1E6E98A300C98797 /* OSKitUITests.xctest */;
			productType = "com.apple.product-type.bundle.ui-testing";
		};
/* End PBXNativeTarget section */

/* Begin PBXProject section */
		F77757321E6E98A200C98797 /* Project object */ = {
			isa = PBXProject;
			attributes = {
				CLASSPREFIX = OS;
				LastUpgradeCheck = 0820;
				ORGANIZATIONNAME = Peter;
				TargetAttributes = {
					F77757391E6E98A200C98797 = {
						CreatedOnToolsVersion = 8.2.1;
						DevelopmentTeam = 5ECKTPV6MH;
						ProvisioningStyle = Automatic;
					};
					F77757521E6E98A300C98797 = {
						CreatedOnToolsVersion = 8.2.1;
						ProvisioningStyle = Automatic;
						TestTargetID = F77757391E6E98A200C98797;
					};
					F777575D1E6E98A300C98797 = {
						CreatedOnToolsVersion = 8.2.1;
						ProvisioningStyle = Automatic;
						TestTargetID = F77757391E6E98A200C98797;
					};
				};
			};
			buildConfigurationList = F77757351E6E98A200C98797 /* Build configuration list for PBXProject "OSKit" */;
			compatibilityVersion = "Xcode 3.2";
			developmentRegion = English;
			hasScannedForEncodings = 0;
			knownRegions = (
				en,
				Base,
			);
			mainGroup = F77757311E6E98A200C98797;
			productRefGroup = F777573B1E6E98A300C98797 /* Products */;
			projectDirPath = "";
			projectRoot = "";
			targets = (
				F77757391E6E98A200C98797 /* OSKit */,
				F77757521E6E98A300C98797 /* OSKitTests */,
				F777575D1E6E98A300C98797 /* OSKitUITests */,
			);
		};
/* End PBXProject section */

/* Begin PBXResourcesBuildPhase section */
		F77757381E6E98A200C98797 /* Resources */ = {
			isa = PBXResourcesBuildPhase;
			buildActionMask = 2147483647;
			files = (
				F797E6A91E6EA043007B02DF /* Main.storyboard in Resources */,
				F797E6A71E6EA043007B02DF /* Assets.xcassets in Resources */,
				F797E6A81E6EA043007B02DF /* LaunchScreen.storyboard in Resources */,
			);
			runOnlyForDeploymentPostprocessing = 0;
		};
		F77757511E6E98A300C98797 /* Resources */ = {
			isa = PBXResourcesBuildPhase;
			buildActionMask = 2147483647;
			files = (
			);
			runOnlyForDeploymentPostprocessing = 0;
		};
		F777575C1E6E98A300C98797 /* Resources */ = {
			isa = PBXResourcesBuildPhase;
			buildActionMask = 2147483647;
			files = (
			);
			runOnlyForDeploymentPostprocessing = 0;
		};
/* End PBXResourcesBuildPhase section */

/* Begin PBXSourcesBuildPhase section */
		F77757361E6E98A200C98797 /* Sources */ = {
			isa = PBXSourcesBuildPhase;
			buildActionMask = 2147483647;
			files = (
				F797E6AB1E6EA043007B02DF /* main.m in Sources */,
				F70BCD661E83A47700E2B65E /* UIButton+Category.m in Sources */,
				F70BCD631E83A46000E2B65E /* UIView+Category.m in Sources */,
				F797E6A61E6EA043007B02DF /* OSAppDelegate.m in Sources */,
			);
			runOnlyForDeploymentPostprocessing = 0;
		};
		F777574F1E6E98A300C98797 /* Sources */ = {
			isa = PBXSourcesBuildPhase;
			buildActionMask = 2147483647;
			files = (
				F77757581E6E98A300C98797 /* OSKitTests.m in Sources */,
			);
			runOnlyForDeploymentPostprocessing = 0;
		};
		F777575A1E6E98A300C98797 /* Sources */ = {
			isa = PBXSourcesBuildPhase;
			buildActionMask = 2147483647;
			files = (
				F77757631E6E98A300C98797 /* OSKitUITests.m in Sources */,
			);
			runOnlyForDeploymentPostprocessing = 0;
		};
/* End PBXSourcesBuildPhase section */

/* Begin PBXTargetDependency section */
		F77757551E6E98A300C98797 /* PBXTargetDependency */ = {
			isa = PBXTargetDependency;
			target = F77757391E6E98A200C98797 /* OSKit */;
			targetProxy = F77757541E6E98A300C98797 /* PBXContainerItemProxy */;
		};
		F77757601E6E98A300C98797 /* PBXTargetDependency */ = {
			isa = PBXTargetDependency;
			target = F77757391E6E98A200C98797 /* OSKit */;
			targetProxy = F777575F1E6E98A300C98797 /* PBXContainerItemProxy */;
		};
/* End PBXTargetDependency section */

/* Begin PBXVariantGroup section */
		F797E6A01E6EA043007B02DF /* LaunchScreen.storyboard */ = {
			isa = PBXVariantGroup;
			children = (
				F797E6A11E6EA043007B02DF /* Base */,
			);
			name = LaunchScreen.storyboard;
			sourceTree = "<group>";
		};
		F797E6A21E6EA043007B02DF /* Main.storyboard */ = {
			isa = PBXVariantGroup;
			children = (
				F797E6A31E6EA043007B02DF /* Base */,
			);
			name = Main.storyboard;
			sourceTree = "<group>";
		};
/* End PBXVariantGroup section */

/* Begin XCBuildConfiguration section */
		F77757651E6E98A300C98797 /* Debug */ = {
			isa = XCBuildConfiguration;
			buildSettings = {
				ALWAYS_SEARCH_USER_PATHS = NO;
				CLANG_ANALYZER_NONNULL = YES;
				CLANG_CXX_LANGUAGE_STANDARD = "gnu++0x";
				CLANG_CXX_LIBRARY = "libc++";
				CLANG_ENABLE_MODULES = YES;
				CLANG_ENABLE_OBJC_ARC = YES;
				CLANG_WARN_BOOL_CONVERSION = YES;
				CLANG_WARN_CONSTANT_CONVERSION = YES;
				CLANG_WARN_DIRECT_OBJC_ISA_USAGE = YES_ERROR;
				CLANG_WARN_DOCUMENTATION_COMMENTS = YES;
				CLANG_WARN_EMPTY_BODY = YES;
				CLANG_WARN_ENUM_CONVERSION = YES;
				CLANG_WARN_INFINITE_RECURSION = YES;
				CLANG_WARN_INT_CONVERSION = YES;
				CLANG_WARN_OBJC_ROOT_CLASS = YES_ERROR;
				CLANG_WARN_SUSPICIOUS_MOVE = YES;
				CLANG_WARN_UNREACHABLE_CODE = YES;
				CLANG_WARN__DUPLICATE_METHOD_MATCH = YES;
				"CODE_SIGN_IDENTITY[sdk=iphoneos*]" = "iPhone Developer";
				COPY_PHASE_STRIP = NO;
				DEBUG_INFORMATION_FORMAT = dwarf;
				ENABLE_STRICT_OBJC_MSGSEND = YES;
				ENABLE_TESTABILITY = YES;
				GCC_C_LANGUAGE_STANDARD = gnu99;
				GCC_DYNAMIC_NO_PIC = NO;
				GCC_NO_COMMON_BLOCKS = YES;
				GCC_OPTIMIZATION_LEVEL = 0;
				GCC_PREPROCESSOR_DEFINITIONS = (
					"DEBUG=1",
					"$(inherited)",
				);
				GCC_WARN_64_TO_32_BIT_CONVERSION = YES;
				GCC_WARN_ABOUT_RETURN_TYPE = YES_ERROR;
				GCC_WARN_UNDECLARED_SELECTOR = YES;
				GCC_WARN_UNINITIALIZED_AUTOS = YES_AGGRESSIVE;
				GCC_WARN_UNUSED_FUNCTION = YES;
				GCC_WARN_UNUSED_VARIABLE = YES;
				IPHONEOS_DEPLOYMENT_TARGET = 10.2;
				MTL_ENABLE_DEBUG_INFO = YES;
				ONLY_ACTIVE_ARCH = YES;
				SDKROOT = iphoneos;
			};
			name = Debug;
		};
		F77757661E6E98A300C98797 /* Release */ = {
			isa = XCBuildConfiguration;
			buildSettings = {
				ALWAYS_SEARCH_USER_PATHS = NO;
				CLANG_ANALYZER_NONNULL = YES;
				CLANG_CXX_LANGUAGE_STANDARD = "gnu++0x";
				CLANG_CXX_LIBRARY = "libc++";
				CLANG_ENABLE_MODULES = YES;
				CLANG_ENABLE_OBJC_ARC = YES;
				CLANG_WARN_BOOL_CONVERSION = YES;
				CLANG_WARN_CONSTANT_CONVERSION = YES;
				CLANG_WARN_DIRECT_OBJC_ISA_USAGE = YES_ERROR;
				CLANG_WARN_DOCUMENTATION_COMMENTS = YES;
				CLANG_WARN_EMPTY_BODY = YES;
				CLANG_WARN_ENUM_CONVERSION = YES;
				CLANG_WARN_INFINITE_RECURSION = YES;
				CLANG_WARN_INT_CONVERSION = YES;
				CLANG_WARN_OBJC_ROOT_CLASS = YES_ERROR;
				CLANG_WARN_SUSPICIOUS_MOVE = YES;
				CLANG_WARN_UNREACHABLE_CODE = YES;
				CLANG_WARN__DUPLICATE_METHOD_MATCH = YES;
				"CODE_SIGN_IDENTITY[sdk=iphoneos*]" = "iPhone Developer";
				COPY_PHASE_STRIP = NO;
				DEBUG_INFORMATION_FORMAT = "dwarf-with-dsym";
				ENABLE_NS_ASSERTIONS = NO;
				ENABLE_STRICT_OBJC_MSGSEND = YES;
				GCC_C_LANGUAGE_STANDARD = gnu99;
				GCC_NO_COMMON_BLOCKS = YES;
				GCC_WARN_64_TO_32_BIT_CONVERSION = YES;
				GCC_WARN_ABOUT_RETURN_TYPE = YES_ERROR;
				GCC_WARN_UNDECLARED_SELECTOR = YES;
				GCC_WARN_UNINITIALIZED_AUTOS = YES_AGGRESSIVE;
				GCC_WARN_UNUSED_FUNCTION = YES;
				GCC_WARN_UNUSED_VARIABLE = YES;
				IPHONEOS_DEPLOYMENT_TARGET = 10.2;
				MTL_ENABLE_DEBUG_INFO = NO;
				SDKROOT = iphoneos;
				VALIDATE_PRODUCT = YES;
			};
			name = Release;
		};
		F77757681E6E98A300C98797 /* Debug */ = {
			isa = XCBuildConfiguration;
			buildSettings = {
				ASSETCATALOG_COMPILER_APPICON_NAME = AppIcon;
				ASSETCATALOG_COMPILER_LAUNCHIMAGE_NAME = LaunchImage;
				DEVELOPMENT_TEAM = 5ECKTPV6MH;
				INFOPLIST_FILE = "$(SRCROOT)/OSKit/SupportingFiles/Info.plist";
				LD_RUNPATH_SEARCH_PATHS = "$(inherited) @executable_path/Frameworks";
				PRODUCT_BUNDLE_IDENTIFIER = com.openshare.OSKit;
				PRODUCT_NAME = "$(TARGET_NAME)";
			};
			name = Debug;
		};
		F77757691E6E98A300C98797 /* Release */ = {
			isa = XCBuildConfiguration;
			buildSettings = {
				ASSETCATALOG_COMPILER_APPICON_NAME = AppIcon;
				ASSETCATALOG_COMPILER_LAUNCHIMAGE_NAME = LaunchImage;
				DEVELOPMENT_TEAM = 5ECKTPV6MH;
				INFOPLIST_FILE = "$(SRCROOT)/OSKit/SupportingFiles/Info.plist";
				LD_RUNPATH_SEARCH_PATHS = "$(inherited) @executable_path/Frameworks";
				PRODUCT_BUNDLE_IDENTIFIER = com.openshare.OSKit;
				PRODUCT_NAME = "$(TARGET_NAME)";
			};
			name = Release;
		};
		F777576B1E6E98A300C98797 /* Debug */ = {
			isa = XCBuildConfiguration;
			buildSettings = {
				BUNDLE_LOADER = "$(TEST_HOST)";
				INFOPLIST_FILE = OSKitTests/Info.plist;
				LD_RUNPATH_SEARCH_PATHS = "$(inherited) @executable_path/Frameworks @loader_path/Frameworks";
				PRODUCT_BUNDLE_IDENTIFIER = com.openshare.OSKitTests;
				PRODUCT_NAME = "$(TARGET_NAME)";
				TEST_HOST = "$(BUILT_PRODUCTS_DIR)/OSKit.app/OSKit";
			};
			name = Debug;
		};
		F777576C1E6E98A300C98797 /* Release */ = {
			isa = XCBuildConfiguration;
			buildSettings = {
				BUNDLE_LOADER = "$(TEST_HOST)";
				INFOPLIST_FILE = OSKitTests/Info.plist;
				LD_RUNPATH_SEARCH_PATHS = "$(inherited) @executable_path/Frameworks @loader_path/Frameworks";
				PRODUCT_BUNDLE_IDENTIFIER = com.openshare.OSKitTests;
				PRODUCT_NAME = "$(TARGET_NAME)";
				TEST_HOST = "$(BUILT_PRODUCTS_DIR)/OSKit.app/OSKit";
			};
			name = Release;
		};
		F777576E1E6E98A300C98797 /* Debug */ = {
			isa = XCBuildConfiguration;
			buildSettings = {
				INFOPLIST_FILE = OSKitUITests/Info.plist;
				LD_RUNPATH_SEARCH_PATHS = "$(inherited) @executable_path/Frameworks @loader_path/Frameworks";
				PRODUCT_BUNDLE_IDENTIFIER = com.openshare.OSKitUITests;
				PRODUCT_NAME = "$(TARGET_NAME)";
				TEST_TARGET_NAME = OSKit;
			};
			name = Debug;
		};
		F777576F1E6E98A300C98797 /* Release */ = {
			isa = XCBuildConfiguration;
			buildSettings = {
				INFOPLIST_FILE = OSKitUITests/Info.plist;
				LD_RUNPATH_SEARCH_PATHS = "$(inherited) @executable_path/Frameworks @loader_path/Frameworks";
				PRODUCT_BUNDLE_IDENTIFIER = com.openshare.OSKitUITests;
				PRODUCT_NAME = "$(TARGET_NAME)";
				TEST_TARGET_NAME = OSKit;
			};
			name = Release;
		};
/* End XCBuildConfiguration section */

/* Begin XCConfigurationList section */
		F77757351E6E98A200C98797 /* Build configuration list for PBXProject "OSKit" */ = {
			isa = XCConfigurationList;
			buildConfigurations = (
				F77757651E6E98A300C98797 /* Debug */,
				F77757661E6E98A300C98797 /* Release */,
			);
			defaultConfigurationIsVisible = 0;
			defaultConfigurationName = Release;
		};
		F77757671E6E98A300C98797 /* Build configuration list for PBXNativeTarget "OSKit" */ = {
			isa = XCConfigurationList;
			buildConfigurations = (
				F77757681E6E98A300C98797 /* Debug */,
				F77757691E6E98A300C98797 /* Release */,
			);
			defaultConfigurationIsVisible = 0;
			defaultConfigurationName = Release;
		};
		F777576A1E6E98A300C98797 /* Build configuration list for PBXNativeTarget "OSKitTests" */ = {
			isa = XCConfigurationList;
			buildConfigurations = (
				F777576B1E6E98A300C98797 /* Debug */,
				F777576C1E6E98A300C98797 /* Release */,
			);
			defaultConfigurationIsVisible = 0;
			defaultConfigurationName = Release;
		};
		F777576D1E6E98A300C98797 /* Build configuration list for PBXNativeTarget "OSKitUITests" */ = {
			isa = XCConfigurationList;
			buildConfigurations = (
				F777576E1E6E98A300C98797 /* Debug */,
				F777576F1E6E98A300C98797 /* Release */,
			);
			defaultConfigurationIsVisible = 0;
			defaultConfigurationName = Release;
		};
/* End XCConfigurationList section */
	};
	rootObject = F77757321E6E98A200C98797 /* Project object */;
}
